<?xml version="1.0" encoding="utf-8"?>
<Project ToolsVersion="4.0" xmlns="http://schemas.microsoft.com/developer/msbuild/2003">
  <ItemGroup>
    <ClCompile Include="j1App.cpp" />
    <ClCompile Include="MasterTimer.cpp">
      <Filter>Tools</Filter>
    </ClCompile>
    <ClCompile Include="p2Log.cpp">
      <Filter>Tools</Filter>
    </ClCompile>
    <ClCompile Include="Timer.cpp">
      <Filter>Tools</Filter>
    </ClCompile>
    <ClCompile Include="j1Audio.cpp">
      <Filter>Modules</Filter>
    </ClCompile>
    <ClCompile Include="j1Collision.cpp">
      <Filter>Modules</Filter>
    </ClCompile>
    <ClCompile Include="j1Input.cpp">
      <Filter>Modules</Filter>
    </ClCompile>
    <ClCompile Include="j1Main.cpp">
      <Filter>Modules</Filter>
    </ClCompile>
    <ClCompile Include="j1Map.cpp">
      <Filter>Modules</Filter>
    </ClCompile>
    <ClCompile Include="j1Pathfinding.cpp">
      <Filter>Modules</Filter>
    </ClCompile>
    <ClCompile Include="j1Render.cpp">
      <Filter>Modules</Filter>
    </ClCompile>
    <ClCompile Include="PugiXml\src\pugixml.cpp">
      <Filter>Pugi</Filter>
    </ClCompile>
    <ClCompile Include="j1Textures.cpp">
      <Filter>Modules</Filter>
    </ClCompile>
    <ClCompile Include="j1Window.cpp">
      <Filter>Modules</Filter>
    </ClCompile>
    <ClCompile Include="j1Scene.cpp">
      <Filter>Scene</Filter>
    </ClCompile>
    <ClCompile Include="j1Fonts.cpp">
      <Filter>Modules</Filter>
    </ClCompile>
    <ClCompile Include="j1Gui.cpp">
      <Filter>Modules</Filter>
    </ClCompile>
  </ItemGroup>
  <ItemGroup>
    <ClCompile Include="PugiXml\src\pugixml.cpp" />
    <ClCompile Include="Timer.cpp" />
    <ClInclude Include="p2SString.h">
      <Filter>Tools</Filter>
    </ClInclude>
    <ClInclude Include="MasterTimer.h">
      <Filter>Tools</Filter>
    </ClInclude>
    <ClInclude Include="p2Defs.h">
      <Filter>Tools</Filter>
    </ClInclude>
    <ClInclude Include="p2DynArray.h">
      <Filter>Tools</Filter>
    </ClInclude>
    <ClInclude Include="p2List.h">
      <Filter>Tools</Filter>
    </ClInclude>
    <ClInclude Include="p2Log.h">
      <Filter>Tools</Filter>
    </ClInclude>
    <ClInclude Include="p2Point.h">
      <Filter>Tools</Filter>
    </ClInclude>
    <ClInclude Include="p2Queue.h">
      <Filter>Tools</Filter>
    </ClInclude>
    <ClInclude Include="Timer.h">
      <Filter>Tools</Filter>
    </ClInclude>
    <ClInclude Include="Animation.h">
      <Filter>Tools</Filter>
    </ClInclude>
    <ClInclude Include="j1Audio.h">
      <Filter>Modules</Filter>
    </ClInclude>
    <ClInclude Include="j1Collision.h">
      <Filter>Modules</Filter>
    </ClInclude>
    <ClInclude Include="j1Input.h">
      <Filter>Modules</Filter>
    </ClInclude>
    <ClInclude Include="j1Map.h">
      <Filter>Modules</Filter>
    </ClInclude>
    <ClInclude Include="j1Module.h">
      <Filter>Modules</Filter>
    </ClInclude>
    <ClInclude Include="j1Pathfinding.h">
      <Filter>Modules</Filter>
    </ClInclude>
    <ClInclude Include="j1Render.h">
      <Filter>Modules</Filter>
    </ClInclude>
  </ItemGroup>
  <ItemGroup>
    <ClInclude Include="Animation.h" />
    <ClInclude Include="j1App.h" />
    <ClInclude Include="PugiXml\src\pugixml.hpp">
      <Filter>Pugi</Filter>
    </ClInclude>
    <ClInclude Include="PugiXml\src\pugiconfig.hpp">
      <Filter>Pugi</Filter>
    </ClInclude>
    <ClInclude Include="j1Window.h">
      <Filter>Modules</Filter>
    </ClInclude>
    <ClInclude Include="j1Textures.h">
      <Filter>Modules</Filter>
    </ClInclude>
    <ClInclude Include="j1Scene.h">
      <Filter>Scene</Filter>
    </ClInclude>
    <ClInclude Include="j1Fonts.h">
      <Filter>Modules</Filter>
    </ClInclude>
    <ClInclude Include="j1Gui.h">
      <Filter>Modules</Filter>
    </ClInclude>
  </ItemGroup>
  <ItemGroup>
    <ClInclude Include="PugiXml\src\pugiconfig.hpp" />
    <ClInclude Include="PugiXml\src\pugixml.hpp" />
    <ClInclude Include="Timer.h" />
  </ItemGroup>
  <ItemGroup>
    <Xml Include="UiConfig.xml">
      <Filter>Pugi</Filter>
    </Xml>
  </ItemGroup>
  <ItemGroup>
    <Filter Include="Tools">
      <UniqueIdentifier>{07f6dd5d-4226-4b38-bc69-2b10a63700ee}</UniqueIdentifier>
    </Filter>
    <Filter Include="Modules">
      <UniqueIdentifier>{2658e2b3-5c81-4dac-9f5e-29005dbd2157}</UniqueIdentifier>
    </Filter>
    <Filter Include="Pugi">
      <UniqueIdentifier>{2bc7cf64-617c-4b06-aa54-3d628cf49796}</UniqueIdentifier>
    </Filter>
    <Filter Include="Scene">
      <UniqueIdentifier>{bfddc6ba-7cf9-46e3-981d-744b746c2785}</UniqueIdentifier>
    </Filter>
  </ItemGroup>
</Project>